
Microsoft Visual Studio Solution File, Format Version 12.00
# Visual Studio Version 16
VisualStudioVersion = 16.0.31729.503
MinimumVisualStudioVersion = 10.0.40219.1
Project("{FAE04EC0-301F-11D3-BF4B-00C04F79EFBC}") = "BSK3_GUI", "BSK3_GUI.csproj", "{97DB834B-8494-4F1D-82E0-8733BBEF6003}"
EndProject
Global
	GlobalSection(SolutionConfigurationPlatforms) = preSolution
		Debug|Any CPU = Debug|Any CPU
		Release|Any CPU = Release|Any CPU
	EndGlobalSection
	GlobalSection(ProjectConfigurationPlatforms) = postSolution
		{97DB834B-8494-4F1D-82E0-8733BBEF6003}.Debug|Any CPU.ActiveCfg = Debug|Any CPU
		{97DB834B-8494-4F1D-82E0-8733BBEF6003}.Debug|Any CPU.Build.0 = Debug|Any CPU
		{97DB834B-8494-4F1D-82E0-8733BBEF6003}.Release|Any CPU.ActiveCfg = Release|Any CPU
		{97DB834B-8494-4F1D-82E0-8733BBEF6003}.Release|Any CPU.Build.0 = Release|Any CPU
	EndGlobalSection
	GlobalSection(SolutionProperties) = preSolution
		HideSolutionNode = FALSE
	EndGlobalSection
	GlobalSection(ExtensibilityGlobals) = postSolution
		SolutionGuid = {261651D4-CACE-4592-9B9A-76F97B67AC94}
	EndGlobalSection
EndGlobal
